
Microsoft Visual Studio Solution File, Format Version 12.00
# Visual Studio 14
VisualStudioVersion = 14.0.25123.0
MinimumVisualStudioVersion = 10.0.40219.1
Project("{8BC9CEB8-8B4A-11D0-8D11-00A0C91BC942}") = "1.Hello aie", "1.Hello aie\1.Hello aie.vcxproj", "{8E9AFB63-F1FE-452E-BFFA-64365CB5023E}"
EndProject
Project("{8BC9CEB8-8B4A-11D0-8D11-00A0C91BC942}") = "2-Variables", "2-Variables\2-Variables.vcxproj", "{8B3A026C-A247-4A6D-99E8-EF5230F7B822}"
EndProject
Project("{8BC9CEB8-8B4A-11D0-8D11-00A0C91BC942}") = "3-Conditionals", "3-Conditionals\3-Conditionals.vcxproj", "{0A869AAA-C412-4FA6-9411-FEEABD4284DD}"
EndProject
Project("{8BC9CEB8-8B4A-11D0-8D11-00A0C91BC942}") = "4-functions", "4-functions\4-functions.vcxproj", "{658D6C07-4DD0-4A80-9320-5BC2023B9EFF}"
EndProject
Project("{8BC9CEB8-8B4A-11D0-8D11-00A0C91BC942}") = "5-Multi-FileProjects", "5-Multi-FileProjects\5-Multi-FileProjects.vcxproj", "{F7020069-2580-42B6-BBA6-B34B1D62D6D1}"
EndProject
Global
	GlobalSection(SolutionConfigurationPlatforms) = preSolution
		Debug|x64 = Debug|x64
		Debug|x86 = Debug|x86
		Release|x64 = Release|x64
		Release|x86 = Release|x86
	EndGlobalSection
	GlobalSection(ProjectConfigurationPlatforms) = postSolution
		{8E9AFB63-F1FE-452E-BFFA-64365CB5023E}.Debug|x64.ActiveCfg = Debug|x64
		{8E9AFB63-F1FE-452E-BFFA-64365CB5023E}.Debug|x64.Build.0 = Debug|x64
		{8E9AFB63-F1FE-452E-BFFA-64365CB5023E}.Debug|x86.ActiveCfg = Debug|Win32
		{8E9AFB63-F1FE-452E-BFFA-64365CB5023E}.Debug|x86.Build.0 = Debug|Win32
		{8E9AFB63-F1FE-452E-BFFA-64365CB5023E}.Release|x64.ActiveCfg = Release|x64
		{8E9AFB63-F1FE-452E-BFFA-64365CB5023E}.Release|x64.Build.0 = Release|x64
		{8E9AFB63-F1FE-452E-BFFA-64365CB5023E}.Release|x86.ActiveCfg = Release|Win32
		{8E9AFB63-F1FE-452E-BFFA-64365CB5023E}.Release|x86.Build.0 = Release|Win32
		{8B3A026C-A247-4A6D-99E8-EF5230F7B822}.Debug|x64.ActiveCfg = Debug|x64
		{8B3A026C-A247-4A6D-99E8-EF5230F7B822}.Debug|x64.Build.0 = Debug|x64
		{8B3A026C-A247-4A6D-99E8-EF5230F7B822}.Debug|x86.ActiveCfg = Debug|Win32
		{8B3A026C-A247-4A6D-99E8-EF5230F7B822}.Debug|x86.Build.0 = Debug|Win32
		{8B3A026C-A247-4A6D-99E8-EF5230F7B822}.Release|x64.ActiveCfg = Release|x64
		{8B3A026C-A247-4A6D-99E8-EF5230F7B822}.Release|x64.Build.0 = Release|x64
		{8B3A026C-A247-4A6D-99E8-EF5230F7B822}.Release|x86.ActiveCfg = Release|Win32
		{8B3A026C-A247-4A6D-99E8-EF5230F7B822}.Release|x86.Build.0 = Release|Win32
		{0A869AAA-C412-4FA6-9411-FEEABD4284DD}.Debug|x64.ActiveCfg = Debug|x64
		{0A869AAA-C412-4FA6-9411-FEEABD4284DD}.Debug|x64.Build.0 = Debug|x64
		{0A869AAA-C412-4FA6-9411-FEEABD4284DD}.Debug|x86.ActiveCfg = Debug|Win32
		{0A869AAA-C412-4FA6-9411-FEEABD4284DD}.Debug|x86.Build.0 = Debug|Win32
		{0A869AAA-C412-4FA6-9411-FEEABD4284DD}.Release|x64.ActiveCfg = Release|x64
		{0A869AAA-C412-4FA6-9411-FEEABD4284DD}.Release|x64.Build.0 = Release|x64
		{0A869AAA-C412-4FA6-9411-FEEABD4284DD}.Release|x86.ActiveCfg = Release|Win32
		{0A869AAA-C412-4FA6-9411-FEEABD4284DD}.Release|x86.Build.0 = Release|Win32
		{658D6C07-4DD0-4A80-9320-5BC2023B9EFF}.Debug|x64.ActiveCfg = Debug|x64
		{658D6C07-4DD0-4A80-9320-5BC2023B9EFF}.Debug|x64.Build.0 = Debug|x64
		{658D6C07-4DD0-4A80-9320-5BC2023B9EFF}.Debug|x86.ActiveCfg = Debug|Win32
		{658D6C07-4DD0-4A80-9320-5BC2023B9EFF}.Debug|x86.Build.0 = Debug|Win32
		{658D6C07-4DD0-4A80-9320-5BC2023B9EFF}.Release|x64.ActiveCfg = Release|x64
		{658D6C07-4DD0-4A80-9320-5BC2023B9EFF}.Release|x64.Build.0 = Release|x64
		{658D6C07-4DD0-4A80-9320-5BC2023B9EFF}.Release|x86.ActiveCfg = Release|Win32
		{658D6C07-4DD0-4A80-9320-5BC2023B9EFF}.Release|x86.Build.0 = Release|Win32
		{F7020069-2580-42B6-BBA6-B34B1D62D6D1}.Debug|x64.ActiveCfg = Debug|x64
		{F7020069-2580-42B6-BBA6-B34B1D62D6D1}.Debug|x64.Build.0 = Debug|x64
		{F7020069-2580-42B6-BBA6-B34B1D62D6D1}.Debug|x86.ActiveCfg = Debug|Win32
		{F7020069-2580-42B6-BBA6-B34B1D62D6D1}.Debug|x86.Build.0 = Debug|Win32
		{F7020069-2580-42B6-BBA6-B34B1D62D6D1}.Release|x64.ActiveCfg = Release|x64
		{F7020069-2580-42B6-BBA6-B34B1D62D6D1}.Release|x64.Build.0 = Release|x64
		{F7020069-2580-42B6-BBA6-B34B1D62D6D1}.Release|x86.ActiveCfg = Release|Win32
		{F7020069-2580-42B6-BBA6-B34B1D62D6D1}.Release|x86.Build.0 = Release|Win32
	EndGlobalSection
	GlobalSection(SolutionProperties) = preSolution
		HideSolutionNode = FALSE
	EndGlobalSection
EndGlobal
